{
  "name": "pokemon_phase2_project",
  "lockfileVersion": 2,
  "requires": true,
  "packages": {
    "": {
      "dependencies": {
        "@userfront/core": "^0.5.0",
        "@userfront/react": "^0.3.1"
      }
    },
    "node_modules/@anymod/core": {
      "version": "0.1.51",
      "resolved": "https://registry.npmjs.org/@anymod/core/-/core-0.1.51.tgz",
      "integrity": "sha512-4hyrYhnL9VDamXI9YX8YkR3eeuhuyNoyL/LxSBHvyc2D9GE9CKcplTXOjlWPglScEmmnVatHS+Mxd/NX2zIdSw=="
    },
    "node_modules/@userfront/core": {
      "version": "0.5.0",
      "resolved": "https://registry.npmjs.org/@userfront/core/-/core-0.5.0.tgz",
      "integrity": "sha512-Kr+K/1nN7+kAHLELfFrPmbsGFn+TzywD7Oq/198Y95B7KNQzqz5DPhIXUVZ1CfGbZ0Vv83Bmx/Q4WYCe14uVMA==",
      "dependencies": {
        "axios": "^0.21.1",
        "js-cookie": "^2.2.1"
      }
    },
    "node_modules/@userfront/react": {
      "version": "0.3.1",
      "resolved": "https://registry.npmjs.org/@userfront/react/-/react-0.3.1.tgz",
      "integrity": "sha512-DyYBhUJD/Ws1zv3PcxqNMHMZk68CyMWgjL7lghzwBxq1Uvq4yssJGIVL+X4mbGCR5f1Bcw9KktzGetwvD1SYgw==",
      "dependencies": {
        "@anymod/core": "^0.1.51",
        "@userfront/core": "^0.4.4"
      },
      "engines": {
        "npm": ">=6.9.0"
      },
      "peerDependencies": {
        "react": "^16 || ^17 || ^18"
      }
    },
    "node_modules/@userfront/react/node_modules/@userfront/core": {
      "version": "0.4.7",
      "resolved": "https://registry.npmjs.org/@userfront/core/-/core-0.4.7.tgz",
      "integrity": "sha512-W29jEC3lkNP5jQx6ssRBebNboyhotGurkJxAcrMluCl1yCcZ+YSp16HUIxBj+Q+x3d+T2bfOQJnUALdHxUi/Dg==",
      "dependencies": {
        "axios": "^0.21.1",
        "js-cookie": "^2.2.1"
      }
    },
    "node_modules/axios": {
      "version": "0.21.4",
      "resolved": "https://registry.npmjs.org/axios/-/axios-0.21.4.tgz",
      "integrity": "sha512-ut5vewkiu8jjGBdqpM44XxjuCjq9LAKeHVmoVfHVzy8eHgxxq8SbAVQNovDA8mVi05kP0Ea/n/UzcSHcTJQfNg==",
      "dependencies": {
        "follow-redirects": "^1.14.0"
      }
    },
    "node_modules/follow-redirects": {
      "version": "1.15.2",
      "resolved": "https://registry.npmjs.org/follow-redirects/-/follow-redirects-1.15.2.tgz",
      "integrity": "sha512-VQLG33o04KaQ8uYi2tVNbdrWp1QWxNNea+nmIB4EVM28v0hmP17z7aG1+wAkNzVq4KeXTq3221ye5qTJP91JwA==",
      "funding": [
        {
          "type": "individual",
          "url": "https://github.com/sponsors/RubenVerborgh"
        }
      ],
      "engines": {
        "node": ">=4.0"
      },
      "peerDependenciesMeta": {
        "debug": {
          "optional": true
        }
      }
    },
    "node_modules/js-cookie": {
      "version": "2.2.1",
      "resolved": "https://registry.npmjs.org/js-cookie/-/js-cookie-2.2.1.tgz",
      "integrity": "sha512-HvdH2LzI/EAZcUwA8+0nKNtWHqS+ZmijLA30RwZA0bo7ToCckjK5MkGhjED9KoRcXO6BaGI3I9UIzSA1FKFPOQ=="
    },
    "node_modules/js-tokens": {
      "version": "4.0.0",
      "resolved": "https://registry.npmjs.org/js-tokens/-/js-tokens-4.0.0.tgz",
      "integrity": "sha512-RdJUflcE3cUzKiMqQgsCu06FPu9UdIJO0beYbPhHN4k6apgJtifcoCtT9bcxOpYBtpD2kCM6Sbzg4CausW/PKQ==",
      "peer": true
    },
    "node_modules/loose-envify": {
      "version": "1.4.0",
      "resolved": "https://registry.npmjs.org/loose-envify/-/loose-envify-1.4.0.tgz",
      "integrity": "sha512-lyuxPGr/Wfhrlem2CL/UcnUc1zcqKAImBDzukY7Y5F/yQiNdko6+fRLevlw1HgMySw7f611UIY408EtxRSoK3Q==",
      "peer": true,
      "dependencies": {
        "js-tokens": "^3.0.0 || ^4.0.0"
      },
      "bin": {
        "loose-envify": "cli.js"
      }
    },
    "node_modules/react": {
      "version": "18.2.0",
      "resolved": "https://registry.npmjs.org/react/-/react-18.2.0.tgz",
      "integrity": "sha512-/3IjMdb2L9QbBdWiW5e3P2/npwMBaU9mHCSCUzNln0ZCYbcfTsGbTJrU/kGemdH2IWmB2ioZ+zkxtmq6g09fGQ==",
      "peer": true,
      "dependencies": {
        "loose-envify": "^1.1.0"
      },
      "engines": {
        "node": ">=0.10.0"
      }
    }
  },
  "dependencies": {
    "@anymod/core": {
      "version": "0.1.51",
      "resolved": "https://registry.npmjs.org/@anymod/core/-/core-0.1.51.tgz",
      "integrity": "sha512-4hyrYhnL9VDamXI9YX8YkR3eeuhuyNoyL/LxSBHvyc2D9GE9CKcplTXOjlWPglScEmmnVatHS+Mxd/NX2zIdSw=="
    },
    "@userfront/core": {
      "version": "0.5.0",
      "resolved": "https://registry.npmjs.org/@userfront/core/-/core-0.5.0.tgz",
      "integrity": "sha512-Kr+K/1nN7+kAHLELfFrPmbsGFn+TzywD7Oq/198Y95B7KNQzqz5DPhIXUVZ1CfGbZ0Vv83Bmx/Q4WYCe14uVMA==",
      "requires": {
        "axios": "^0.21.1",
        "js-cookie": "^2.2.1"
      }
    },
    "@userfront/react": {
      "version": "0.3.1",
      "resolved": "https://registry.npmjs.org/@userfront/react/-/react-0.3.1.tgz",
      "integrity": "sha512-DyYBhUJD/Ws1zv3PcxqNMHMZk68CyMWgjL7lghzwBxq1Uvq4yssJGIVL+X4mbGCR5f1Bcw9KktzGetwvD1SYgw==",
      "requires": {
        "@anymod/core": "^0.1.51",
        "@userfront/core": "^0.4.4"
      },
      "dependencies": {
        "@userfront/core": {
          "version": "0.4.7",
          "resolved": "https://registry.npmjs.org/@userfront/core/-/core-0.4.7.tgz",
          "integrity": "sha512-W29jEC3lkNP5jQx6ssRBebNboyhotGurkJxAcrMluCl1yCcZ+YSp16HUIxBj+Q+x3d+T2bfOQJnUALdHxUi/Dg==",
          "requires": {
            "axios": "^0.21.1",
            "js-cookie": "^2.2.1"
          }
        }
      }
    },
    "axios": {
      "version": "0.21.4",
      "resolved": "https://registry.npmjs.org/axios/-/axios-0.21.4.tgz",
      "integrity": "sha512-ut5vewkiu8jjGBdqpM44XxjuCjq9LAKeHVmoVfHVzy8eHgxxq8SbAVQNovDA8mVi05kP0Ea/n/UzcSHcTJQfNg==",
      "requires": {
        "follow-redirects": "^1.14.0"
      }
    },
    "follow-redirects": {
      "version": "1.15.2",
      "resolved": "https://registry.npmjs.org/follow-redirects/-/follow-redirects-1.15.2.tgz",
      "integrity": "sha512-VQLG33o04KaQ8uYi2tVNbdrWp1QWxNNea+nmIB4EVM28v0hmP17z7aG1+wAkNzVq4KeXTq3221ye5qTJP91JwA=="
    },
    "js-cookie": {
      "version": "2.2.1",
      "resolved": "https://registry.npmjs.org/js-cookie/-/js-cookie-2.2.1.tgz",
      "integrity": "sha512-HvdH2LzI/EAZcUwA8+0nKNtWHqS+ZmijLA30RwZA0bo7ToCckjK5MkGhjED9KoRcXO6BaGI3I9UIzSA1FKFPOQ=="
    },
    "js-tokens": {
      "version": "4.0.0",
      "resolved": "https://registry.npmjs.org/js-tokens/-/js-tokens-4.0.0.tgz",
      "integrity": "sha512-RdJUflcE3cUzKiMqQgsCu06FPu9UdIJO0beYbPhHN4k6apgJtifcoCtT9bcxOpYBtpD2kCM6Sbzg4CausW/PKQ==",
      "peer": true
    },
    "loose-envify": {
      "version": "1.4.0",
      "resolved": "https://registry.npmjs.org/loose-envify/-/loose-envify-1.4.0.tgz",
      "integrity": "sha512-lyuxPGr/Wfhrlem2CL/UcnUc1zcqKAImBDzukY7Y5F/yQiNdko6+fRLevlw1HgMySw7f611UIY408EtxRSoK3Q==",
      "peer": true,
      "requires": {
        "js-tokens": "^3.0.0 || ^4.0.0"
      }
    },
    "react": {
      "version": "18.2.0",
      "resolved": "https://registry.npmjs.org/react/-/react-18.2.0.tgz",
      "integrity": "sha512-/3IjMdb2L9QbBdWiW5e3P2/npwMBaU9mHCSCUzNln0ZCYbcfTsGbTJrU/kGemdH2IWmB2ioZ+zkxtmq6g09fGQ==",
      "peer": true,
      "requires": {
        "loose-envify": "^1.1.0"
      }
    }
  }
}
